
Microsoft Visual Studio Solution File, Format Version 11.00
# Visual Studio 2010
Project("{F184B08F-C81C-45F6-A57F-5ABD9991F28F}") = "Hashing", "Hashing\Hashing.vbproj", "{18A3EB5A-1A95-4944-9B35-9EE76FBECEA1}"
EndProject
Project("{F184B08F-C81C-45F6-A57F-5ABD9991F28F}") = "HashingDebug", "HashingDebug\HashingDebug.vbproj", "{1E1A8F36-A0EF-4DF6-9B5D-90B5E74DD71D}"
EndProject
Global
	GlobalSection(SolutionConfigurationPlatforms) = preSolution
		Debug|Any CPU = Debug|Any CPU
		Debug|Mixed Platforms = Debug|Mixed Platforms
		Debug|x86 = Debug|x86
		Release|Any CPU = Release|Any CPU
		Release|Mixed Platforms = Release|Mixed Platforms
		Release|x86 = Release|x86
	EndGlobalSection
	GlobalSection(ProjectConfigurationPlatforms) = postSolution
		{18A3EB5A-1A95-4944-9B35-9EE76FBECEA1}.Debug|Any CPU.ActiveCfg = Debug|Any CPU
		{18A3EB5A-1A95-4944-9B35-9EE76FBECEA1}.Debug|Any CPU.Build.0 = Debug|Any CPU
		{18A3EB5A-1A95-4944-9B35-9EE76FBECEA1}.Debug|Mixed Platforms.ActiveCfg = Debug|Any CPU
		{18A3EB5A-1A95-4944-9B35-9EE76FBECEA1}.Debug|Mixed Platforms.Build.0 = Debug|Any CPU
		{18A3EB5A-1A95-4944-9B35-9EE76FBECEA1}.Debug|x86.ActiveCfg = Debug|Any CPU
		{18A3EB5A-1A95-4944-9B35-9EE76FBECEA1}.Release|Any CPU.ActiveCfg = Release|Any CPU
		{18A3EB5A-1A95-4944-9B35-9EE76FBECEA1}.Release|Any CPU.Build.0 = Release|Any CPU
		{18A3EB5A-1A95-4944-9B35-9EE76FBECEA1}.Release|Mixed Platforms.ActiveCfg = Release|Any CPU
		{18A3EB5A-1A95-4944-9B35-9EE76FBECEA1}.Release|Mixed Platforms.Build.0 = Release|Any CPU
		{18A3EB5A-1A95-4944-9B35-9EE76FBECEA1}.Release|x86.ActiveCfg = Release|Any CPU
		{1E1A8F36-A0EF-4DF6-9B5D-90B5E74DD71D}.Debug|Any CPU.ActiveCfg = Debug|x86
		{1E1A8F36-A0EF-4DF6-9B5D-90B5E74DD71D}.Debug|Mixed Platforms.ActiveCfg = Debug|x86
		{1E1A8F36-A0EF-4DF6-9B5D-90B5E74DD71D}.Debug|Mixed Platforms.Build.0 = Debug|x86
		{1E1A8F36-A0EF-4DF6-9B5D-90B5E74DD71D}.Debug|x86.ActiveCfg = Debug|x86
		{1E1A8F36-A0EF-4DF6-9B5D-90B5E74DD71D}.Debug|x86.Build.0 = Debug|x86
		{1E1A8F36-A0EF-4DF6-9B5D-90B5E74DD71D}.Release|Any CPU.ActiveCfg = Release|x86
		{1E1A8F36-A0EF-4DF6-9B5D-90B5E74DD71D}.Release|Mixed Platforms.ActiveCfg = Release|x86
		{1E1A8F36-A0EF-4DF6-9B5D-90B5E74DD71D}.Release|Mixed Platforms.Build.0 = Release|x86
		{1E1A8F36-A0EF-4DF6-9B5D-90B5E74DD71D}.Release|x86.ActiveCfg = Release|x86
		{1E1A8F36-A0EF-4DF6-9B5D-90B5E74DD71D}.Release|x86.Build.0 = Release|x86
	EndGlobalSection
	GlobalSection(SolutionProperties) = preSolution
		HideSolutionNode = FALSE
	EndGlobalSection
EndGlobal
