
Microsoft Visual Studio Solution File, Format Version 11.00
# Visual Studio 2010
Project("{F184B08F-C81C-45F6-A57F-5ABD9991F28F}") = "urbanAskTest", "UrbanAskTest\urbanAskTest.vbproj", "{122369D9-A7C3-4134-B260-0D606773A94B}"
EndProject
Project("{2150E333-8FDC-42A3-9474-1A3956D46DE8}") = "Solution Items", "Solution Items", "{E5E5597B-5E28-4DD6-B6C5-62BC9EDE4005}"
	ProjectSection(SolutionItems) = preProject
		Local.testsettings = Local.testsettings
		TraceAndTestImpact.testsettings = TraceAndTestImpact.testsettings
		urbanAskTest.vsmdi = urbanAskTest.vsmdi
	EndProjectSection
EndProject
Project("{F184B08F-C81C-45F6-A57F-5ABD9991F28F}") = "WebDriverUtility", "WebDriverUtility\WebDriverUtility.vbproj", "{D9B01F20-CD0A-4173-8FDD-8D761F67CD7C}"
EndProject
Global
	GlobalSection(TestCaseManagementSettings) = postSolution
		CategoryFile = urbanAskTest.vsmdi
	EndGlobalSection
	GlobalSection(SolutionConfigurationPlatforms) = preSolution
		Debug|Any CPU = Debug|Any CPU
		Release|Any CPU = Release|Any CPU
	EndGlobalSection
	GlobalSection(ProjectConfigurationPlatforms) = postSolution
		{122369D9-A7C3-4134-B260-0D606773A94B}.Debug|Any CPU.ActiveCfg = Debug|Any CPU
		{122369D9-A7C3-4134-B260-0D606773A94B}.Debug|Any CPU.Build.0 = Debug|Any CPU
		{122369D9-A7C3-4134-B260-0D606773A94B}.Release|Any CPU.ActiveCfg = Release|Any CPU
		{122369D9-A7C3-4134-B260-0D606773A94B}.Release|Any CPU.Build.0 = Release|Any CPU
		{D9B01F20-CD0A-4173-8FDD-8D761F67CD7C}.Debug|Any CPU.ActiveCfg = Debug|Any CPU
		{D9B01F20-CD0A-4173-8FDD-8D761F67CD7C}.Debug|Any CPU.Build.0 = Debug|Any CPU
		{D9B01F20-CD0A-4173-8FDD-8D761F67CD7C}.Release|Any CPU.ActiveCfg = Release|Any CPU
		{D9B01F20-CD0A-4173-8FDD-8D761F67CD7C}.Release|Any CPU.Build.0 = Release|Any CPU
	EndGlobalSection
	GlobalSection(SolutionProperties) = preSolution
		HideSolutionNode = FALSE
	EndGlobalSection
EndGlobal
